// !$*UTF8*$!
{
	archiveVersion = 1;
	classes = {
	};
	objectVersion = 50;
	objects = {

/* Begin PBXBuildFile section */
		C6CA1C4022AD357F0047071E /* AppDelegate.swift in Sources */ = {isa = PBXBuildFile; fileRef = C6CA1C3F22AD357F0047071E /* AppDelegate.swift */; };
		C6CA1C4222AD357F0047071E /* SceneDelegate.swift in Sources */ = {isa = PBXBuildFile; fileRef = C6CA1C4122AD357F0047071E /* SceneDelegate.swift */; };
		C6CA1C4422AD357F0047071E /* ContentView.swift in Sources */ = {isa = PBXBuildFile; fileRef = C6CA1C4322AD357F0047071E /* ContentView.swift */; };
		C6CA1C4622AD35850047071E /* Assets.xcassets in Resources */ = {isa = PBXBuildFile; fileRef = C6CA1C4522AD35850047071E /* Assets.xcassets */; };
		C6CA1C4922AD35850047071E /* Preview Assets.xcassets in Resources */ = {isa = PBXBuildFile; fileRef = C6CA1C4822AD35850047071E /* Preview Assets.xcassets */; };
		C6CA1C4C22AD35850047071E /* LaunchScreen.storyboard in Resources */ = {isa = PBXBuildFile; fileRef = C6CA1C4A22AD35850047071E /* LaunchScreen.storyboard */; };
		C6CA1C5722AD35860047071E /* LandmarksTests.swift in Sources */ = {isa = PBXBuildFile; fileRef = C6CA1C5622AD35860047071E /* LandmarksTests.swift */; };
		C6CA1C6222AD35860047071E /* LandmarksUITests.swift in Sources */ = {isa = PBXBuildFile; fileRef = C6CA1C6122AD35860047071E /* LandmarksUITests.swift */; };
		C6CA1C7022AD3DD70047071E /* CircleImage.swift in Sources */ = {isa = PBXBuildFile; fileRef = C6CA1C6F22AD3DD70047071E /* CircleImage.swift */; };
		C6CA1C7222AD3F530047071E /* MapView.swift in Sources */ = {isa = PBXBuildFile; fileRef = C6CA1C7122AD3F530047071E /* MapView.swift */; };
/* End PBXBuildFile section */

/* Begin PBXContainerItemProxy section */
		C6CA1C5322AD35860047071E /* PBXContainerItemProxy */ = {
			isa = PBXContainerItemProxy;
			containerPortal = C6CA1C3422AD357F0047071E /* Project object */;
			proxyType = 1;
			remoteGlobalIDString = C6CA1C3B22AD357F0047071E;
			remoteInfo = Landmarks;
		};
		C6CA1C5E22AD35860047071E /* PBXContainerItemProxy */ = {
			isa = PBXContainerItemProxy;
			containerPortal = C6CA1C3422AD357F0047071E /* Project object */;
			proxyType = 1;
			remoteGlobalIDString = C6CA1C3B22AD357F0047071E;
			remoteInfo = Landmarks;
		};
/* End PBXContainerItemProxy section */

/* Begin PBXFileReference section */
		C6CA1C3C22AD357F0047071E /* Landmarks.app */ = {isa = PBXFileReference; explicitFileType = wrapper.application; includeInIndex = 0; path = Landmarks.app; sourceTree = BUILT_PRODUCTS_DIR; };
		C6CA1C3F22AD357F0047071E /* AppDelegate.swift */ = {isa = PBXFileReference; lastKnownFileType = sourcecode.swift; path = AppDelegate.swift; sourceTree = "<group>"; };
		C6CA1C4122AD357F0047071E /* SceneDelegate.swift */ = {isa = PBXFileReference; lastKnownFileType = sourcecode.swift; path = SceneDelegate.swift; sourceTree = "<group>"; };
		C6CA1C4322AD357F0047071E /* ContentView.swift */ = {isa = PBXFileReference; lastKnownFileType = sourcecode.swift; path = ContentView.swift; sourceTree = "<group>"; };
		C6CA1C4522AD35850047071E /* Assets.xcassets */ = {isa = PBXFileReference; lastKnownFileType = folder.assetcatalog; path = Assets.xcassets; sourceTree = "<group>"; };
		C6CA1C4822AD35850047071E /* Preview Assets.xcassets */ = {isa = PBXFileReference; lastKnownFileType = folder.assetcatalog; path = "Preview Assets.xcassets"; sourceTree = "<group>"; };
		C6CA1C4B22AD35850047071E /* Base */ = {isa = PBXFileReference; lastKnownFileType = file.storyboard; name = Base; path = Base.lproj/LaunchScreen.storyboard; sourceTree = "<group>"; };
		C6CA1C4D22AD35850047071E /* Info.plist */ = {isa = PBXFileReference; lastKnownFileType = text.plist.xml; path = Info.plist; sourceTree = "<group>"; };
		C6CA1C5222AD35860047071E /* LandmarksTests.xctest */ = {isa = PBXFileReference; explicitFileType = wrapper.cfbundle; includeInIndex = 0; path = LandmarksTests.xctest; sourceTree = BUILT_PRODUCTS_DIR; };
		C6CA1C5622AD35860047071E /* LandmarksTests.swift */ = {isa = PBXFileReference; lastKnownFileType = sourcecode.swift; path = LandmarksTests.swift; sourceTree = "<group>"; };
		C6CA1C5822AD35860047071E /* Info.plist */ = {isa = PBXFileReference; lastKnownFileType = text.plist.xml; path = Info.plist; sourceTree = "<group>"; };
		C6CA1C5D22AD35860047071E /* LandmarksUITests.xctest */ = {isa = PBXFileReference; explicitFileType = wrapper.cfbundle; includeInIndex = 0; path = LandmarksUITests.xctest; sourceTree = BUILT_PRODUCTS_DIR; };
		C6CA1C6122AD35860047071E /* LandmarksUITests.swift */ = {isa = PBXFileReference; lastKnownFileType = sourcecode.swift; path = LandmarksUITests.swift; sourceTree = "<group>"; };
		C6CA1C6322AD35860047071E /* Info.plist */ = {isa = PBXFileReference; lastKnownFileType = text.plist.xml; path = Info.plist; sourceTree = "<group>"; };
		C6CA1C6F22AD3DD70047071E /* CircleImage.swift */ = {isa = PBXFileReference; lastKnownFileType = sourcecode.swift; path = CircleImage.swift; sourceTree = "<group>"; };
		C6CA1C7122AD3F530047071E /* MapView.swift */ = {isa = PBXFileReference; lastKnownFileType = sourcecode.swift; path = MapView.swift; sourceTree = "<group>"; };
/* End PBXFileReference section */

/* Begin PBXFrameworksBuildPhase section */
		C6CA1C3922AD357F0047071E /* Frameworks */ = {
			isa = PBXFrameworksBuildPhase;
			buildActionMask = 2147483647;
			files = (
			);
			runOnlyForDeploymentPostprocessing = 0;
		};
		C6CA1C4F22AD35860047071E /* Frameworks */ = {
			isa = PBXFrameworksBuildPhase;
			buildActionMask = 2147483647;
			files = (
			);
			runOnlyForDeploymentPostprocessing = 0;
		};
		C6CA1C5A22AD35860047071E /* Frameworks */ = {
			isa = PBXFrameworksBuildPhase;
			buildActionMask = 2147483647;
			files = (
			);
			runOnlyForDeploymentPostprocessing = 0;
		};
/* End PBXFrameworksBuildPhase section */

/* Begin PBXGroup section */
		C6CA1C3322AD357F0047071E = {
			isa = PBXGroup;
			children = (
				C6CA1C3E22AD357F0047071E /* Landmarks */,
				C6CA1C5522AD35860047071E /* LandmarksTests */,
				C6CA1C6022AD35860047071E /* LandmarksUITests */,
				C6CA1C3D22AD357F0047071E /* Products */,
			);
			sourceTree = "<group>";
		};
		C6CA1C3D22AD357F0047071E /* Products */ = {
			isa = PBXGroup;
			children = (
				C6CA1C3C22AD357F0047071E /* Landmarks.app */,
				C6CA1C5222AD35860047071E /* LandmarksTests.xctest */,
				C6CA1C5D22AD35860047071E /* LandmarksUITests.xctest */,
			);
			name = Products;
			sourceTree = "<group>";
		};
		C6CA1C3E22AD357F0047071E /* Landmarks */ = {
			isa = PBXGroup;
			children = (
				C6CA1C3F22AD357F0047071E /* AppDelegate.swift */,
				C6CA1C4122AD357F0047071E /* SceneDelegate.swift */,
				C6CA1C4322AD357F0047071E /* ContentView.swift */,
				C6CA1C6F22AD3DD70047071E /* CircleImage.swift */,
				C6CA1C7122AD3F530047071E /* MapView.swift */,
				C6CA1C4522AD35850047071E /* Assets.xcassets */,
				C6CA1C4A22AD35850047071E /* LaunchScreen.storyboard */,
				C6CA1C4D22AD35850047071E /* Info.plist */,
				C6CA1C4722AD35850047071E /* Preview Content */,
			);
			path = Landmarks;
			sourceTree = "<group>";
		};
		C6CA1C4722AD35850047071E /* Preview Content */ = {
			isa = PBXGroup;
			children = (
				C6CA1C4822AD35850047071E /* Preview Assets.xcassets */,
			);
			path = "Preview Content";
			sourceTree = "<group>";
		};
		C6CA1C5522AD35860047071E /* LandmarksTests */ = {
			isa = PBXGroup;
			children = (
				C6CA1C5622AD35860047071E /* LandmarksTests.swift */,
				C6CA1C5822AD35860047071E /* Info.plist */,
			);
			path = LandmarksTests;
			sourceTree = "<group>";
		};
		C6CA1C6022AD35860047071E /* LandmarksUITests */ = {
			isa = PBXGroup;
			children = (
				C6CA1C6122AD35860047071E /* LandmarksUITests.swift */,
				C6CA1C6322AD35860047071E /* Info.plist */,
			);
			path = LandmarksUITests;
			sourceTree = "<group>";
		};
/* End PBXGroup section */

/* Begin PBXNativeTarget section */
		C6CA1C3B22AD357F0047071E /* Landmarks */ = {
			isa = PBXNativeTarget;
			buildConfigurationList = C6CA1C6622AD35860047071E /* Build configuration list for PBXNativeTarget "Landmarks" */;
			buildPhases = (
				C6CA1C3822AD357F0047071E /* Sources */,
				C6CA1C3922AD357F0047071E /* Frameworks */,
				C6CA1C3A22AD357F0047071E /* Resources */,
			);
			buildRules = (
			);
			dependencies = (
			);
			name = Landmarks;
			productName = Landmarks;
			productReference = C6CA1C3C22AD357F0047071E /* Landmarks.app */;
			productType = "com.apple.product-type.application";
		};
		C6CA1C5122AD35860047071E /* LandmarksTests */ = {
			isa = PBXNativeTarget;
			buildConfigurationList = C6CA1C6922AD35860047071E /* Build configuration list for PBXNativeTarget "LandmarksTests" */;
			buildPhases = (
				C6CA1C4E22AD35860047071E /* Sources */,
				C6CA1C4F22AD35860047071E /* Frameworks */,
				C6CA1C5022AD35860047071E /* Resources */,
			);
			buildRules = (
			);
			dependencies = (
				C6CA1C5422AD35860047071E /* PBXTargetDependency */,
			);
			name = LandmarksTests;
			productName = LandmarksTests;
			productReference = C6CA1C5222AD35860047071E /* LandmarksTests.xctest */;
			productType = "com.apple.product-type.bundle.unit-test";
		};
		C6CA1C5C22AD35860047071E /* LandmarksUITests */ = {
			isa = PBXNativeTarget;
			buildConfigurationList = C6CA1C6C22AD35860047071E /* Build configuration list for PBXNativeTarget "LandmarksUITests" */;
			buildPhases = (
				C6CA1C5922AD35860047071E /* Sources */,
				C6CA1C5A22AD35860047071E /* Frameworks */,
				C6CA1C5B22AD35860047071E /* Resources */,
			);
			buildRules = (
			);
			dependencies = (
				C6CA1C5F22AD35860047071E /* PBXTargetDependency */,
			);
			name = LandmarksUITests;
			productName = LandmarksUITests;
			productReference = C6CA1C5D22AD35860047071E /* LandmarksUITests.xctest */;
			productType = "com.apple.product-type.bundle.ui-testing";
		};
/* End PBXNativeTarget section */

/* Begin PBXProject section */
		C6CA1C3422AD357F0047071E /* Project object */ = {
			isa = PBXProject;
			attributes = {
				LastSwiftUpdateCheck = 1100;
				LastUpgradeCheck = 1100;
				ORGANIZATIONNAME = aryzae;
				TargetAttributes = {
					C6CA1C3B22AD357F0047071E = {
						CreatedOnToolsVersion = 11.0;
					};
					C6CA1C5122AD35860047071E = {
						CreatedOnToolsVersion = 11.0;
						TestTargetID = C6CA1C3B22AD357F0047071E;
					};
					C6CA1C5C22AD35860047071E = {
						CreatedOnToolsVersion = 11.0;
						TestTargetID = C6CA1C3B22AD357F0047071E;
					};
				};
			};
			buildConfigurationList = C6CA1C3722AD357F0047071E /* Build configuration list for PBXProject "Landmarks" */;
			compatibilityVersion = "Xcode 9.3";
			developmentRegion = en;
			hasScannedForEncodings = 0;
			knownRegions = (
				en,
				Base,
			);
			mainGroup = C6CA1C3322AD357F0047071E;
			productRefGroup = C6CA1C3D22AD357F0047071E /* Products */;
			projectDirPath = "";
			projectRoot = "";
			targets = (
				C6CA1C3B22AD357F0047071E /* Landmarks */,
				C6CA1C5122AD35860047071E /* LandmarksTests */,
				C6CA1C5C22AD35860047071E /* LandmarksUITests */,
			);
		};
/* End PBXProject section */

/* Begin PBXResourcesBuildPhase section */
		C6CA1C3A22AD357F0047071E /* Resources */ = {
			isa = PBXResourcesBuildPhase;
			buildActionMask = 2147483647;
			files = (
				C6CA1C4C22AD35850047071E /* LaunchScreen.storyboard in Resources */,
				C6CA1C4922AD35850047071E /* Preview Assets.xcassets in Resources */,
				C6CA1C4622AD35850047071E /* Assets.xcassets in Resources */,
			);
			runOnlyForDeploymentPostprocessing = 0;
		};
		C6CA1C5022AD35860047071E /* Resources */ = {
			isa = PBXResourcesBuildPhase;
			buildActionMask = 2147483647;
			files = (
			);
			runOnlyForDeploymentPostprocessing = 0;
		};
		C6CA1C5B22AD35860047071E /* Resources */ = {
			isa = PBXResourcesBuildPhase;
			buildActionMask = 2147483647;
			files = (
			);
			runOnlyForDeploymentPostprocessing = 0;
		};
/* End PBXResourcesBuildPhase section */

/* Begin PBXSourcesBuildPhase section */
		C6CA1C3822AD357F0047071E /* Sources */ = {
			isa = PBXSourcesBuildPhase;
			buildActionMask = 2147483647;
			files = (
				C6CA1C4022AD357F0047071E /* AppDelegate.swift in Sources */,
				C6CA1C7022AD3DD70047071E /* CircleImage.swift in Sources */,
				C6CA1C7222AD3F530047071E /* MapView.swift in Sources */,
				C6CA1C4222AD357F0047071E /* SceneDelegate.swift in Sources */,
				C6CA1C4422AD357F0047071E /* ContentView.swift in Sources */,
			);
			runOnlyForDeploymentPostprocessing = 0;
		};
		C6CA1C4E22AD35860047071E /* Sources */ = {
			isa = PBXSourcesBuildPhase;
			buildActionMask = 2147483647;
			files = (
				C6CA1C5722AD35860047071E /* LandmarksTests.swift in Sources */,
			);
			runOnlyForDeploymentPostprocessing = 0;
		};
		C6CA1C5922AD35860047071E /* Sources */ = {
			isa = PBXSourcesBuildPhase;
			buildActionMask = 2147483647;
			files = (
				C6CA1C6222AD35860047071E /* LandmarksUITests.swift in Sources */,
			);
			runOnlyForDeploymentPostprocessing = 0;
		};
/* End PBXSourcesBuildPhase section */

/* Begin PBXTargetDependency section */
		C6CA1C5422AD35860047071E /* PBXTargetDependency */ = {
			isa = PBXTargetDependency;
			target = C6CA1C3B22AD357F0047071E /* Landmarks */;
			targetProxy = C6CA1C5322AD35860047071E /* PBXContainerItemProxy */;
		};
		C6CA1C5F22AD35860047071E /* PBXTargetDependency */ = {
			isa = PBXTargetDependency;
			target = C6CA1C3B22AD357F0047071E /* Landmarks */;
			targetProxy = C6CA1C5E22AD35860047071E /* PBXContainerItemProxy */;
		};
/* End PBXTargetDependency section */

/* Begin PBXVariantGroup section */
		C6CA1C4A22AD35850047071E /* LaunchScreen.storyboard */ = {
			isa = PBXVariantGroup;
			children = (
				C6CA1C4B22AD35850047071E /* Base */,
			);
			name = LaunchScreen.storyboard;
			sourceTree = "<group>";
		};
/* End PBXVariantGroup section */

/* Begin XCBuildConfiguration section */
		C6CA1C6422AD35860047071E /* Debug */ = {
			isa = XCBuildConfiguration;
			buildSettings = {
				ALWAYS_SEARCH_USER_PATHS = NO;
				CLANG_ANALYZER_NONNULL = YES;
				CLANG_ANALYZER_NUMBER_OBJECT_CONVERSION = YES_AGGRESSIVE;
				CLANG_CXX_LANGUAGE_STANDARD = "gnu++14";
				CLANG_CXX_LIBRARY = "libc++";
				CLANG_ENABLE_MODULES = YES;
				CLANG_ENABLE_OBJC_ARC = YES;
				CLANG_ENABLE_OBJC_WEAK = YES;
				CLANG_WARN_BLOCK_CAPTURE_AUTORELEASING = YES;
				CLANG_WARN_BOOL_CONVERSION = YES;
				CLANG_WARN_COMMA = YES;
				CLANG_WARN_CONSTANT_CONVERSION = YES;
				CLANG_WARN_DEPRECATED_OBJC_IMPLEMENTATIONS = YES;
				CLANG_WARN_DIRECT_OBJC_ISA_USAGE = YES_ERROR;
				CLANG_WARN_DOCUMENTATION_COMMENTS = YES;
				CLANG_WARN_EMPTY_BODY = YES;
				CLANG_WARN_ENUM_CONVERSION = YES;
				CLANG_WARN_INFINITE_RECURSION = YES;
				CLANG_WARN_INT_CONVERSION = YES;
				CLANG_WARN_NON_LITERAL_NULL_CONVERSION = YES;
				CLANG_WARN_OBJC_IMPLICIT_RETAIN_SELF = YES;
				CLANG_WARN_OBJC_LITERAL_CONVERSION = YES;
				CLANG_WARN_OBJC_ROOT_CLASS = YES_ERROR;
				CLANG_WARN_RANGE_LOOP_ANALYSIS = YES;
				CLANG_WARN_STRICT_PROTOTYPES = YES;
				CLANG_WARN_SUSPICIOUS_MOVE = YES;
				CLANG_WARN_UNGUARDED_AVAILABILITY = YES_AGGRESSIVE;
				CLANG_WARN_UNREACHABLE_CODE = YES;
				CLANG_WARN__DUPLICATE_METHOD_MATCH = YES;
				COPY_PHASE_STRIP = NO;
				DEBUG_INFORMATION_FORMAT = dwarf;
				ENABLE_STRICT_OBJC_MSGSEND = YES;
				ENABLE_TESTABILITY = YES;
				GCC_C_LANGUAGE_STANDARD = gnu11;
				GCC_DYNAMIC_NO_PIC = NO;
				GCC_NO_COMMON_BLOCKS = YES;
				GCC_OPTIMIZATION_LEVEL = 0;
				GCC_PREPROCESSOR_DEFINITIONS = (
					"DEBUG=1",
					"$(inherited)",
				);
				GCC_WARN_64_TO_32_BIT_CONVERSION = YES;
				GCC_WARN_ABOUT_RETURN_TYPE = YES_ERROR;
				GCC_WARN_UNDECLARED_SELECTOR = YES;
				GCC_WARN_UNINITIALIZED_AUTOS = YES_AGGRESSIVE;
				GCC_WARN_UNUSED_FUNCTION = YES;
				GCC_WARN_UNUSED_VARIABLE = YES;
				IPHONEOS_DEPLOYMENT_TARGET = 13.0;
				MTL_ENABLE_DEBUG_INFO = INCLUDE_SOURCE;
				MTL_FAST_MATH = YES;
				ONLY_ACTIVE_ARCH = YES;
				SDKROOT = iphoneos;
				SWIFT_ACTIVE_COMPILATION_CONDITIONS = DEBUG;
				SWIFT_OPTIMIZATION_LEVEL = "-Onone";
			};
			name = Debug;
		};
		C6CA1C6522AD35860047071E /* Release */ = {
			isa = XCBuildConfiguration;
			buildSettings = {
				ALWAYS_SEARCH_USER_PATHS = NO;
				CLANG_ANALYZER_NONNULL = YES;
				CLANG_ANALYZER_NUMBER_OBJECT_CONVERSION = YES_AGGRESSIVE;
				CLANG_CXX_LANGUAGE_STANDARD = "gnu++14";
				CLANG_CXX_LIBRARY = "libc++";
				CLANG_ENABLE_MODULES = YES;
				CLANG_ENABLE_OBJC_ARC = YES;
				CLANG_ENABLE_OBJC_WEAK = YES;
				CLANG_WARN_BLOCK_CAPTURE_AUTORELEASING = YES;
				CLANG_WARN_BOOL_CONVERSION = YES;
				CLANG_WARN_COMMA = YES;
				CLANG_WARN_CONSTANT_CONVERSION = YES;
				CLANG_WARN_DEPRECATED_OBJC_IMPLEMENTATIONS = YES;
				CLANG_WARN_DIRECT_OBJC_ISA_USAGE = YES_ERROR;
				CLANG_WARN_DOCUMENTATION_COMMENTS = YES;
				CLANG_WARN_EMPTY_BODY = YES;
				CLANG_WARN_ENUM_CONVERSION = YES;
				CLANG_WARN_INFINITE_RECURSION = YES;
				CLANG_WARN_INT_CONVERSION = YES;
				CLANG_WARN_NON_LITERAL_NULL_CONVERSION = YES;
				CLANG_WARN_OBJC_IMPLICIT_RETAIN_SELF = YES;
				CLANG_WARN_OBJC_LITERAL_CONVERSION = YES;
				CLANG_WARN_OBJC_ROOT_CLASS = YES_ERROR;
				CLANG_WARN_RANGE_LOOP_ANALYSIS = YES;
				CLANG_WARN_STRICT_PROTOTYPES = YES;
				CLANG_WARN_SUSPICIOUS_MOVE = YES;
				CLANG_WARN_UNGUARDED_AVAILABILITY = YES_AGGRESSIVE;
				CLANG_WARN_UNREACHABLE_CODE = YES;
				CLANG_WARN__DUPLICATE_METHOD_MATCH = YES;
				COPY_PHASE_STRIP = NO;
				DEBUG_INFORMATION_FORMAT = "dwarf-with-dsym";
				ENABLE_NS_ASSERTIONS = NO;
				ENABLE_STRICT_OBJC_MSGSEND = YES;
				GCC_C_LANGUAGE_STANDARD = gnu11;
				GCC_NO_COMMON_BLOCKS = YES;
				GCC_WARN_64_TO_32_BIT_CONVERSION = YES;
				GCC_WARN_ABOUT_RETURN_TYPE = YES_ERROR;
				GCC_WARN_UNDECLARED_SELECTOR = YES;
				GCC_WARN_UNINITIALIZED_AUTOS = YES_AGGRESSIVE;
				GCC_WARN_UNUSED_FUNCTION = YES;
				GCC_WARN_UNUSED_VARIABLE = YES;
				IPHONEOS_DEPLOYMENT_TARGET = 13.0;
				MTL_ENABLE_DEBUG_INFO = NO;
				MTL_FAST_MATH = YES;
				SDKROOT = iphoneos;
				SWIFT_COMPILATION_MODE = wholemodule;
				SWIFT_OPTIMIZATION_LEVEL = "-O";
				VALIDATE_PRODUCT = YES;
			};
			name = Release;
		};
		C6CA1C6722AD35860047071E /* Debug */ = {
			isa = XCBuildConfiguration;
			buildSettings = {
				ASSETCATALOG_COMPILER_APPICON_NAME = AppIcon;
				CODE_SIGN_STYLE = Automatic;
				DEVELOPMENT_ASSET_PATHS = "Landmarks/Preview\\ Content";
				DEVELOPMENT_TEAM = U38WFWB5D6;
				ENABLE_PREVIEWS = YES;
				INFOPLIST_FILE = Landmarks/Info.plist;
				LD_RUNPATH_SEARCH_PATHS = (
					"$(inherited)",
					"@executable_path/Frameworks",
				);
				PRODUCT_BUNDLE_IDENTIFIER = jp.aryzae.Landmarks;
				PRODUCT_NAME = "$(TARGET_NAME)";
				SWIFT_VERSION = 5.0;
				TARGETED_DEVICE_FAMILY = "1,2";
			};
			name = Debug;
		};
		C6CA1C6822AD35860047071E /* Release */ = {
			isa = XCBuildConfiguration;
			buildSettings = {
				ASSETCATALOG_COMPILER_APPICON_NAME = AppIcon;
				CODE_SIGN_STYLE = Automatic;
				DEVELOPMENT_ASSET_PATHS = "Landmarks/Preview\\ Content";
				DEVELOPMENT_TEAM = U38WFWB5D6;
				ENABLE_PREVIEWS = YES;
				INFOPLIST_FILE = Landmarks/Info.plist;
				LD_RUNPATH_SEARCH_PATHS = (
					"$(inherited)",
					"@executable_path/Frameworks",
				);
				PRODUCT_BUNDLE_IDENTIFIER = jp.aryzae.Landmarks;
				PRODUCT_NAME = "$(TARGET_NAME)";
				SWIFT_VERSION = 5.0;
				TARGETED_DEVICE_FAMILY = "1,2";
			};
			name = Release;
		};
		C6CA1C6A22AD35860047071E /* Debug */ = {
			isa = XCBuildConfiguration;
			buildSettings = {
				ALWAYS_EMBED_SWIFT_STANDARD_LIBRARIES = YES;
				BUNDLE_LOADER = "$(TEST_HOST)";
				CODE_SIGN_STYLE = Automatic;
				DEVELOPMENT_TEAM = U38WFWB5D6;
				INFOPLIST_FILE = LandmarksTests/Info.plist;
				LD_RUNPATH_SEARCH_PATHS = (
					"$(inherited)",
					"@executable_path/Frameworks",
					"@loader_path/Frameworks",
				);
				PRODUCT_BUNDLE_IDENTIFIER = jp.aryzae.LandmarksTests;
				PRODUCT_NAME = "$(TARGET_NAME)";
				SWIFT_VERSION = 5.0;
				TARGETED_DEVICE_FAMILY = "1,2";
				TEST_HOST = "$(BUILT_PRODUCTS_DIR)/Landmarks.app/Landmarks";
			};
			name = Debug;
		};
		C6CA1C6B22AD35860047071E /* Release */ = {
			isa = XCBuildConfiguration;
			buildSettings = {
				ALWAYS_EMBED_SWIFT_STANDARD_LIBRARIES = YES;
				BUNDLE_LOADER = "$(TEST_HOST)";
				CODE_SIGN_STYLE = Automatic;
				DEVELOPMENT_TEAM = U38WFWB5D6;
				INFOPLIST_FILE = LandmarksTests/Info.plist;
				LD_RUNPATH_SEARCH_PATHS = (
					"$(inherited)",
					"@executable_path/Frameworks",
					"@loader_path/Frameworks",
				);
				PRODUCT_BUNDLE_IDENTIFIER = jp.aryzae.LandmarksTests;
				PRODUCT_NAME = "$(TARGET_NAME)";
				SWIFT_VERSION = 5.0;
				TARGETED_DEVICE_FAMILY = "1,2";
				TEST_HOST = "$(BUILT_PRODUCTS_DIR)/Landmarks.app/Landmarks";
			};
			name = Release;
		};
		C6CA1C6D22AD35860047071E /* Debug */ = {
			isa = XCBuildConfiguration;
			buildSettings = {
				ALWAYS_EMBED_SWIFT_STANDARD_LIBRARIES = YES;
				CODE_SIGN_STYLE = Automatic;
				DEVELOPMENT_TEAM = U38WFWB5D6;
				INFOPLIST_FILE = LandmarksUITests/Info.plist;
				LD_RUNPATH_SEARCH_PATHS = (
					"$(inherited)",
					"@executable_path/Frameworks",
					"@loader_path/Frameworks",
				);
				PRODUCT_BUNDLE_IDENTIFIER = jp.aryzae.LandmarksUITests;
				PRODUCT_NAME = "$(TARGET_NAME)";
				SWIFT_VERSION = 5.0;
				TARGETED_DEVICE_FAMILY = "1,2";
				TEST_TARGET_NAME = Landmarks;
			};
			name = Debug;
		};
		C6CA1C6E22AD35860047071E /* Release */ = {
			isa = XCBuildConfiguration;
			buildSettings = {
				ALWAYS_EMBED_SWIFT_STANDARD_LIBRARIES = YES;
				CODE_SIGN_STYLE = Automatic;
				DEVELOPMENT_TEAM = U38WFWB5D6;
				INFOPLIST_FILE = LandmarksUITests/Info.plist;
				LD_RUNPATH_SEARCH_PATHS = (
					"$(inherited)",
					"@executable_path/Frameworks",
					"@loader_path/Frameworks",
				);
				PRODUCT_BUNDLE_IDENTIFIER = jp.aryzae.LandmarksUITests;
				PRODUCT_NAME = "$(TARGET_NAME)";
				SWIFT_VERSION = 5.0;
				TARGETED_DEVICE_FAMILY = "1,2";
				TEST_TARGET_NAME = Landmarks;
			};
			name = Release;
		};
/* End XCBuildConfiguration section */

/* Begin XCConfigurationList section */
		C6CA1C3722AD357F0047071E /* Build configuration list for PBXProject "Landmarks" */ = {
			isa = XCConfigurationList;
			buildConfigurations = (
				C6CA1C6422AD35860047071E /* Debug */,
				C6CA1C6522AD35860047071E /* Release */,
			);
			defaultConfigurationIsVisible = 0;
			defaultConfigurationName = Release;
		};
		C6CA1C6622AD35860047071E /* Build configuration list for PBXNativeTarget "Landmarks" */ = {
			isa = XCConfigurationList;
			buildConfigurations = (
				C6CA1C6722AD35860047071E /* Debug */,
				C6CA1C6822AD35860047071E /* Release */,
			);
			defaultConfigurationIsVisible = 0;
			defaultConfigurationName = Release;
		};
		C6CA1C6922AD35860047071E /* Build configuration list for PBXNativeTarget "LandmarksTests" */ = {
			isa = XCConfigurationList;
			buildConfigurations = (
				C6CA1C6A22AD35860047071E /* Debug */,
				C6CA1C6B22AD35860047071E /* Release */,
			);
			defaultConfigurationIsVisible = 0;
			defaultConfigurationName = Release;
		};
		C6CA1C6C22AD35860047071E /* Build configuration list for PBXNativeTarget "LandmarksUITests" */ = {
			isa = XCConfigurationList;
			buildConfigurations = (
				C6CA1C6D22AD35860047071E /* Debug */,
				C6CA1C6E22AD35860047071E /* Release */,
			);
			defaultConfigurationIsVisible = 0;
			defaultConfigurationName = Release;
		};
/* End XCConfigurationList section */
	};
	rootObject = C6CA1C3422AD357F0047071E /* Project object */;
}
